
Microsoft Visual Studio Solution File, Format Version 12.00
Project("{FAE04EC0-301F-11D3-BF4B-00C04F79EFBC}") = "RoslynReflection", "RoslynReflection\RoslynReflection.csproj", "{2AFB224D-B72C-4F22-B85E-DD4DDE5A97F7}"
EndProject
Project("{FAE04EC0-301F-11D3-BF4B-00C04F79EFBC}") = "RoslynReflection.Test", "RoslynReflection.Test\RoslynReflection.Test.csproj", "{298D942A-7787-477E-AE7A-8C99F63F0169}"
EndProject
Project("{2150E333-8FDC-42A3-9474-1A3956D46DE8}") = "TestAssemblies", "TestAssemblies", "{4E295072-3184-47DD-8B3A-2E18752055C8}"
EndProject
Project("{FAE04EC0-301F-11D3-BF4B-00C04F79EFBC}") = "SimpleClass", "TestAssemblies\SimpleClass\SimpleClass.csproj", "{1B627BED-38FF-4194-BEFA-20D59845412D}"
EndProject
Project("{FAE04EC0-301F-11D3-BF4B-00C04F79EFBC}") = "ClassWithoutNamespace", "TestAssemblies\ClassWithoutNamespace\ClassWithoutNamespace.csproj", "{E41A5CD1-4C9A-433F-B1A3-84102CCD6303}"
EndProject
Global
	GlobalSection(SolutionConfigurationPlatforms) = preSolution
		Debug|Any CPU = Debug|Any CPU
		Release|Any CPU = Release|Any CPU
	EndGlobalSection
	GlobalSection(ProjectConfigurationPlatforms) = postSolution
		{2AFB224D-B72C-4F22-B85E-DD4DDE5A97F7}.Debug|Any CPU.ActiveCfg = Debug|Any CPU
		{2AFB224D-B72C-4F22-B85E-DD4DDE5A97F7}.Debug|Any CPU.Build.0 = Debug|Any CPU
		{2AFB224D-B72C-4F22-B85E-DD4DDE5A97F7}.Release|Any CPU.ActiveCfg = Release|Any CPU
		{2AFB224D-B72C-4F22-B85E-DD4DDE5A97F7}.Release|Any CPU.Build.0 = Release|Any CPU
		{298D942A-7787-477E-AE7A-8C99F63F0169}.Debug|Any CPU.ActiveCfg = Debug|Any CPU
		{298D942A-7787-477E-AE7A-8C99F63F0169}.Debug|Any CPU.Build.0 = Debug|Any CPU
		{298D942A-7787-477E-AE7A-8C99F63F0169}.Release|Any CPU.ActiveCfg = Release|Any CPU
		{298D942A-7787-477E-AE7A-8C99F63F0169}.Release|Any CPU.Build.0 = Release|Any CPU
		{1B627BED-38FF-4194-BEFA-20D59845412D}.Debug|Any CPU.ActiveCfg = Debug|Any CPU
		{1B627BED-38FF-4194-BEFA-20D59845412D}.Debug|Any CPU.Build.0 = Debug|Any CPU
		{1B627BED-38FF-4194-BEFA-20D59845412D}.Release|Any CPU.ActiveCfg = Release|Any CPU
		{1B627BED-38FF-4194-BEFA-20D59845412D}.Release|Any CPU.Build.0 = Release|Any CPU
		{E41A5CD1-4C9A-433F-B1A3-84102CCD6303}.Debug|Any CPU.ActiveCfg = Debug|Any CPU
		{E41A5CD1-4C9A-433F-B1A3-84102CCD6303}.Debug|Any CPU.Build.0 = Debug|Any CPU
		{E41A5CD1-4C9A-433F-B1A3-84102CCD6303}.Release|Any CPU.ActiveCfg = Release|Any CPU
		{E41A5CD1-4C9A-433F-B1A3-84102CCD6303}.Release|Any CPU.Build.0 = Release|Any CPU
	EndGlobalSection
	GlobalSection(NestedProjects) = preSolution
		{1B627BED-38FF-4194-BEFA-20D59845412D} = {4E295072-3184-47DD-8B3A-2E18752055C8}
		{E41A5CD1-4C9A-433F-B1A3-84102CCD6303} = {4E295072-3184-47DD-8B3A-2E18752055C8}
	EndGlobalSection
EndGlobal
